// !$*UTF8*$!
{
	archiveVersion = 1;
	classes = {
	};
	objectVersion = 48;
	objects = {

/* Begin PBXBuildFile section */
		2E6449BE20A2D2030047D376 /* UNOMonitorUtil.m in Sources */ = {isa = PBXBuildFile; fileRef = 2E6449BD20A2D2030047D376 /* UNOMonitorUtil.m */; };
		2E6449BF20A2D5660047D376 /* UIViewController+monior_add.m in Sources */ = {isa = PBXBuildFile; fileRef = 2E7C288520A2C40A00DE8E05 /* UIViewController+monior_add.m */; };
		2E6449C620A2D7070047D376 /* UNOBehaviorMonitor.m in Sources */ = {isa = PBXBuildFile; fileRef = 2E6449C520A2D7070047D376 /* UNOBehaviorMonitor.m */; };
		2E69078520A2B2360090E78E /* AppDelegate.m in Sources */ = {isa = PBXBuildFile; fileRef = 2E69078420A2B2360090E78E /* AppDelegate.m */; };
		2E69078820A2B2360090E78E /* ViewController.m in Sources */ = {isa = PBXBuildFile; fileRef = 2E69078720A2B2360090E78E /* ViewController.m */; };
		2E69078B20A2B2360090E78E /* Main.storyboard in Resources */ = {isa = PBXBuildFile; fileRef = 2E69078920A2B2360090E78E /* Main.storyboard */; };
		2E69078D20A2B2370090E78E /* Assets.xcassets in Resources */ = {isa = PBXBuildFile; fileRef = 2E69078C20A2B2370090E78E /* Assets.xcassets */; };
		2E69079020A2B2370090E78E /* LaunchScreen.storyboard in Resources */ = {isa = PBXBuildFile; fileRef = 2E69078E20A2B2370090E78E /* LaunchScreen.storyboard */; };
		2E69079320A2B2370090E78E /* main.m in Sources */ = {isa = PBXBuildFile; fileRef = 2E69079220A2B2370090E78E /* main.m */; };
/* End PBXBuildFile section */

/* Begin PBXFileReference section */
		2E6449BC20A2D2030047D376 /* UNOMonitorUtil.h */ = {isa = PBXFileReference; lastKnownFileType = sourcecode.c.h; path = UNOMonitorUtil.h; sourceTree = "<group>"; };
		2E6449BD20A2D2030047D376 /* UNOMonitorUtil.m */ = {isa = PBXFileReference; lastKnownFileType = sourcecode.c.objc; path = UNOMonitorUtil.m; sourceTree = "<group>"; };
		2E6449C420A2D7070047D376 /* UNOBehaviorMonitor.h */ = {isa = PBXFileReference; lastKnownFileType = sourcecode.c.h; path = UNOBehaviorMonitor.h; sourceTree = "<group>"; };
		2E6449C520A2D7070047D376 /* UNOBehaviorMonitor.m */ = {isa = PBXFileReference; lastKnownFileType = sourcecode.c.objc; path = UNOBehaviorMonitor.m; sourceTree = "<group>"; };
		2E69078020A2B2360090E78E /* UNOBehaviorMonitor.app */ = {isa = PBXFileReference; explicitFileType = wrapper.application; includeInIndex = 0; path = UNOBehaviorMonitor.app; sourceTree = BUILT_PRODUCTS_DIR; };
		2E69078320A2B2360090E78E /* AppDelegate.h */ = {isa = PBXFileReference; lastKnownFileType = sourcecode.c.h; path = AppDelegate.h; sourceTree = "<group>"; };
		2E69078420A2B2360090E78E /* AppDelegate.m */ = {isa = PBXFileReference; lastKnownFileType = sourcecode.c.objc; path = AppDelegate.m; sourceTree = "<group>"; };
		2E69078620A2B2360090E78E /* ViewController.h */ = {isa = PBXFileReference; lastKnownFileType = sourcecode.c.h; path = ViewController.h; sourceTree = "<group>"; };
		2E69078720A2B2360090E78E /* ViewController.m */ = {isa = PBXFileReference; lastKnownFileType = sourcecode.c.objc; path = ViewController.m; sourceTree = "<group>"; };
		2E69078A20A2B2360090E78E /* Base */ = {isa = PBXFileReference; lastKnownFileType = file.storyboard; name = Base; path = Base.lproj/Main.storyboard; sourceTree = "<group>"; };
		2E69078C20A2B2370090E78E /* Assets.xcassets */ = {isa = PBXFileReference; lastKnownFileType = folder.assetcatalog; path = Assets.xcassets; sourceTree = "<group>"; };
		2E69078F20A2B2370090E78E /* Base */ = {isa = PBXFileReference; lastKnownFileType = file.storyboard; name = Base; path = Base.lproj/LaunchScreen.storyboard; sourceTree = "<group>"; };
		2E69079120A2B2370090E78E /* Info.plist */ = {isa = PBXFileReference; lastKnownFileType = text.plist.xml; path = Info.plist; sourceTree = "<group>"; };
		2E69079220A2B2370090E78E /* main.m */ = {isa = PBXFileReference; lastKnownFileType = sourcecode.c.objc; path = main.m; sourceTree = "<group>"; };
		2E7C288420A2C40A00DE8E05 /* UIViewController+monior_add.h */ = {isa = PBXFileReference; lastKnownFileType = sourcecode.c.h; path = "UIViewController+monior_add.h"; sourceTree = "<group>"; };
		2E7C288520A2C40A00DE8E05 /* UIViewController+monior_add.m */ = {isa = PBXFileReference; lastKnownFileType = sourcecode.c.objc; path = "UIViewController+monior_add.m"; sourceTree = "<group>"; };
/* End PBXFileReference section */

/* Begin PBXFrameworksBuildPhase section */
		2E69077D20A2B2360090E78E /* Frameworks */ = {
			isa = PBXFrameworksBuildPhase;
			buildActionMask = 2147483647;
			files = (
			);
			runOnlyForDeploymentPostprocessing = 0;
		};
/* End PBXFrameworksBuildPhase section */

/* Begin PBXGroup section */
		2E6449C020A2D5F60047D376 /* Util */ = {
			isa = PBXGroup;
			children = (
				2E6449BC20A2D2030047D376 /* UNOMonitorUtil.h */,
				2E6449BD20A2D2030047D376 /* UNOMonitorUtil.m */,
			);
			path = Util;
			sourceTree = "<group>";
		};
		2E6449C120A2D6000047D376 /* Core */ = {
			isa = PBXGroup;
			children = (
				2E7C288420A2C40A00DE8E05 /* UIViewController+monior_add.h */,
				2E7C288520A2C40A00DE8E05 /* UIViewController+monior_add.m */,
			);
			path = Core;
			sourceTree = "<group>";
		};
		2E6449C220A2D6130047D376 /* vender */ = {
			isa = PBXGroup;
			children = (
				2E6449C320A2D6230047D376 /* Api */,
				2E6449C120A2D6000047D376 /* Core */,
				2E6449C020A2D5F60047D376 /* Util */,
			);
			path = vender;
			sourceTree = "<group>";
		};
		2E6449C320A2D6230047D376 /* Api */ = {
			isa = PBXGroup;
			children = (
				2E6449C420A2D7070047D376 /* UNOBehaviorMonitor.h */,
				2E6449C520A2D7070047D376 /* UNOBehaviorMonitor.m */,
			);
			path = Api;
			sourceTree = "<group>";
		};
		2E69077720A2B2360090E78E = {
			isa = PBXGroup;
			children = (
				2E69078220A2B2360090E78E /* UNOBehaviorMonitor */,
				2E69078120A2B2360090E78E /* Products */,
			);
			sourceTree = "<group>";
		};
		2E69078120A2B2360090E78E /* Products */ = {
			isa = PBXGroup;
			children = (
				2E69078020A2B2360090E78E /* UNOBehaviorMonitor.app */,
			);
			name = Products;
			sourceTree = "<group>";
		};
		2E69078220A2B2360090E78E /* UNOBehaviorMonitor */ = {
			isa = PBXGroup;
			children = (
				2E69078320A2B2360090E78E /* AppDelegate.h */,
				2E69078420A2B2360090E78E /* AppDelegate.m */,
				2E69078620A2B2360090E78E /* ViewController.h */,
				2E69078720A2B2360090E78E /* ViewController.m */,
				2E69078920A2B2360090E78E /* Main.storyboard */,
				2E69078C20A2B2370090E78E /* Assets.xcassets */,
				2E69078E20A2B2370090E78E /* LaunchScreen.storyboard */,
				2E69079120A2B2370090E78E /* Info.plist */,
				2E69079220A2B2370090E78E /* main.m */,
				2E6449C220A2D6130047D376 /* vender */,
			);
			path = UNOBehaviorMonitor;
			sourceTree = "<group>";
		};
/* End PBXGroup section */

/* Begin PBXNativeTarget section */
		2E69077F20A2B2360090E78E /* UNOBehaviorMonitor */ = {
			isa = PBXNativeTarget;
			buildConfigurationList = 2E69079620A2B2370090E78E /* Build configuration list for PBXNativeTarget "UNOBehaviorMonitor" */;
			buildPhases = (
				2E69077C20A2B2360090E78E /* Sources */,
				2E69077D20A2B2360090E78E /* Frameworks */,
				2E69077E20A2B2360090E78E /* Resources */,
			);
			buildRules = (
			);
			dependencies = (
			);
			name = UNOBehaviorMonitor;
			productName = UNOBehaviorMonitor;
			productReference = 2E69078020A2B2360090E78E /* UNOBehaviorMonitor.app */;
			productType = "com.apple.product-type.application";
		};
/* End PBXNativeTarget section */

/* Begin PBXProject section */
		2E69077820A2B2360090E78E /* Project object */ = {
			isa = PBXProject;
			attributes = {
				LastUpgradeCheck = 0930;
				ORGANIZATIONNAME = unovo;
				TargetAttributes = {
					2E69077F20A2B2360090E78E = {
						CreatedOnToolsVersion = 9.3;
						ProvisioningStyle = Automatic;
					};
				};
			};
			buildConfigurationList = 2E69077B20A2B2360090E78E /* Build configuration list for PBXProject "UNOBehaviorMonitor" */;
			compatibilityVersion = "Xcode 8.0";
			developmentRegion = en;
			hasScannedForEncodings = 0;
			knownRegions = (
				en,
				Base,
			);
			mainGroup = 2E69077720A2B2360090E78E;
			productRefGroup = 2E69078120A2B2360090E78E /* Products */;
			projectDirPath = "";
			projectRoot = "";
			targets = (
				2E69077F20A2B2360090E78E /* UNOBehaviorMonitor */,
			);
		};
/* End PBXProject section */

/* Begin PBXResourcesBuildPhase section */
		2E69077E20A2B2360090E78E /* Resources */ = {
			isa = PBXResourcesBuildPhase;
			buildActionMask = 2147483647;
			files = (
				2E69079020A2B2370090E78E /* LaunchScreen.storyboard in Resources */,
				2E69078D20A2B2370090E78E /* Assets.xcassets in Resources */,
				2E69078B20A2B2360090E78E /* Main.storyboard in Resources */,
			);
			runOnlyForDeploymentPostprocessing = 0;
		};
/* End PBXResourcesBuildPhase section */

/* Begin PBXSourcesBuildPhase section */
		2E69077C20A2B2360090E78E /* Sources */ = {
			isa = PBXSourcesBuildPhase;
			buildActionMask = 2147483647;
			files = (
				2E6449BF20A2D5660047D376 /* UIViewController+monior_add.m in Sources */,
				2E6449C620A2D7070047D376 /* UNOBehaviorMonitor.m in Sources */,
				2E69078820A2B2360090E78E /* ViewController.m in Sources */,
				2E69079320A2B2370090E78E /* main.m in Sources */,
				2E6449BE20A2D2030047D376 /* UNOMonitorUtil.m in Sources */,
				2E69078520A2B2360090E78E /* AppDelegate.m in Sources */,
			);
			runOnlyForDeploymentPostprocessing = 0;
		};
/* End PBXSourcesBuildPhase section */

/* Begin PBXVariantGroup section */
		2E69078920A2B2360090E78E /* Main.storyboard */ = {
			isa = PBXVariantGroup;
			children = (
				2E69078A20A2B2360090E78E /* Base */,
			);
			name = Main.storyboard;
			sourceTree = "<group>";
		};
		2E69078E20A2B2370090E78E /* LaunchScreen.storyboard */ = {
			isa = PBXVariantGroup;
			children = (
				2E69078F20A2B2370090E78E /* Base */,
			);
			name = LaunchScreen.storyboard;
			sourceTree = "<group>";
		};
/* End PBXVariantGroup section */

/* Begin XCBuildConfiguration section */
		2E69079420A2B2370090E78E /* Debug */ = {
			isa = XCBuildConfiguration;
			buildSettings = {
				ALWAYS_SEARCH_USER_PATHS = NO;
				CLANG_ANALYZER_NONNULL = YES;
				CLANG_ANALYZER_NUMBER_OBJECT_CONVERSION = YES_AGGRESSIVE;
				CLANG_CXX_LANGUAGE_STANDARD = "gnu++14";
				CLANG_CXX_LIBRARY = "libc++";
				CLANG_ENABLE_MODULES = YES;
				CLANG_ENABLE_OBJC_ARC = YES;
				CLANG_ENABLE_OBJC_WEAK = YES;
				CLANG_WARN_BLOCK_CAPTURE_AUTORELEASING = YES;
				CLANG_WARN_BOOL_CONVERSION = YES;
				CLANG_WARN_COMMA = YES;
				CLANG_WARN_CONSTANT_CONVERSION = YES;
				CLANG_WARN_DEPRECATED_OBJC_IMPLEMENTATIONS = YES;
				CLANG_WARN_DIRECT_OBJC_ISA_USAGE = YES_ERROR;
				CLANG_WARN_DOCUMENTATION_COMMENTS = YES;
				CLANG_WARN_EMPTY_BODY = YES;
				CLANG_WARN_ENUM_CONVERSION = YES;
				CLANG_WARN_INFINITE_RECURSION = YES;
				CLANG_WARN_INT_CONVERSION = YES;
				CLANG_WARN_NON_LITERAL_NULL_CONVERSION = YES;
				CLANG_WARN_OBJC_IMPLICIT_RETAIN_SELF = YES;
				CLANG_WARN_OBJC_LITERAL_CONVERSION = YES;
				CLANG_WARN_OBJC_ROOT_CLASS = YES_ERROR;
				CLANG_WARN_RANGE_LOOP_ANALYSIS = YES;
				CLANG_WARN_STRICT_PROTOTYPES = YES;
				CLANG_WARN_SUSPICIOUS_MOVE = YES;
				CLANG_WARN_UNGUARDED_AVAILABILITY = YES_AGGRESSIVE;
				CLANG_WARN_UNREACHABLE_CODE = YES;
				CLANG_WARN__DUPLICATE_METHOD_MATCH = YES;
				CODE_SIGN_IDENTITY = "iPhone Developer";
				COPY_PHASE_STRIP = NO;
				DEBUG_INFORMATION_FORMAT = dwarf;
				ENABLE_STRICT_OBJC_MSGSEND = YES;
				ENABLE_TESTABILITY = YES;
				GCC_C_LANGUAGE_STANDARD = gnu11;
				GCC_DYNAMIC_NO_PIC = NO;
				GCC_NO_COMMON_BLOCKS = YES;
				GCC_OPTIMIZATION_LEVEL = 0;
				GCC_PREPROCESSOR_DEFINITIONS = (
					"DEBUG=1",
					"$(inherited)",
				);
				GCC_WARN_64_TO_32_BIT_CONVERSION = YES;
				GCC_WARN_ABOUT_RETURN_TYPE = YES_ERROR;
				GCC_WARN_UNDECLARED_SELECTOR = YES;
				GCC_WARN_UNINITIALIZED_AUTOS = YES_AGGRESSIVE;
				GCC_WARN_UNUSED_FUNCTION = YES;
				GCC_WARN_UNUSED_VARIABLE = YES;
				IPHONEOS_DEPLOYMENT_TARGET = 11.3;
				MTL_ENABLE_DEBUG_INFO = YES;
				ONLY_ACTIVE_ARCH = YES;
				SDKROOT = iphoneos;
			};
			name = Debug;
		};
		2E69079520A2B2370090E78E /* Release */ = {
			isa = XCBuildConfiguration;
			buildSettings = {
				ALWAYS_SEARCH_USER_PATHS = NO;
				CLANG_ANALYZER_NONNULL = YES;
				CLANG_ANALYZER_NUMBER_OBJECT_CONVERSION = YES_AGGRESSIVE;
				CLANG_CXX_LANGUAGE_STANDARD = "gnu++14";
				CLANG_CXX_LIBRARY = "libc++";
				CLANG_ENABLE_MODULES = YES;
				CLANG_ENABLE_OBJC_ARC = YES;
				CLANG_ENABLE_OBJC_WEAK = YES;
				CLANG_WARN_BLOCK_CAPTURE_AUTORELEASING = YES;
				CLANG_WARN_BOOL_CONVERSION = YES;
				CLANG_WARN_COMMA = YES;
				CLANG_WARN_CONSTANT_CONVERSION = YES;
				CLANG_WARN_DEPRECATED_OBJC_IMPLEMENTATIONS = YES;
				CLANG_WARN_DIRECT_OBJC_ISA_USAGE = YES_ERROR;
				CLANG_WARN_DOCUMENTATION_COMMENTS = YES;
				CLANG_WARN_EMPTY_BODY = YES;
				CLANG_WARN_ENUM_CONVERSION = YES;
				CLANG_WARN_INFINITE_RECURSION = YES;
				CLANG_WARN_INT_CONVERSION = YES;
				CLANG_WARN_NON_LITERAL_NULL_CONVERSION = YES;
				CLANG_WARN_OBJC_IMPLICIT_RETAIN_SELF = YES;
				CLANG_WARN_OBJC_LITERAL_CONVERSION = YES;
				CLANG_WARN_OBJC_ROOT_CLASS = YES_ERROR;
				CLANG_WARN_RANGE_LOOP_ANALYSIS = YES;
				CLANG_WARN_STRICT_PROTOTYPES = YES;
				CLANG_WARN_SUSPICIOUS_MOVE = YES;
				CLANG_WARN_UNGUARDED_AVAILABILITY = YES_AGGRESSIVE;
				CLANG_WARN_UNREACHABLE_CODE = YES;
				CLANG_WARN__DUPLICATE_METHOD_MATCH = YES;
				CODE_SIGN_IDENTITY = "iPhone Developer";
				COPY_PHASE_STRIP = NO;
				DEBUG_INFORMATION_FORMAT = "dwarf-with-dsym";
				ENABLE_NS_ASSERTIONS = NO;
				ENABLE_STRICT_OBJC_MSGSEND = YES;
				GCC_C_LANGUAGE_STANDARD = gnu11;
				GCC_NO_COMMON_BLOCKS = YES;
				GCC_WARN_64_TO_32_BIT_CONVERSION = YES;
				GCC_WARN_ABOUT_RETURN_TYPE = YES_ERROR;
				GCC_WARN_UNDECLARED_SELECTOR = YES;
				GCC_WARN_UNINITIALIZED_AUTOS = YES_AGGRESSIVE;
				GCC_WARN_UNUSED_FUNCTION = YES;
				GCC_WARN_UNUSED_VARIABLE = YES;
				IPHONEOS_DEPLOYMENT_TARGET = 11.3;
				MTL_ENABLE_DEBUG_INFO = NO;
				SDKROOT = iphoneos;
				VALIDATE_PRODUCT = YES;
			};
			name = Release;
		};
		2E69079720A2B2370090E78E /* Debug */ = {
			isa = XCBuildConfiguration;
			buildSettings = {
				ASSETCATALOG_COMPILER_APPICON_NAME = AppIcon;
				CODE_SIGN_STYLE = Automatic;
				DEVELOPMENT_TEAM = NA82CDHQ9M;
				INFOPLIST_FILE = UNOBehaviorMonitor/Info.plist;
				IPHONEOS_DEPLOYMENT_TARGET = 8.0;
				LD_RUNPATH_SEARCH_PATHS = "$(inherited) @executable_path/Frameworks";
				PRODUCT_BUNDLE_IDENTIFIER = unovo.UNOBehaviorMonitor;
				PRODUCT_NAME = "$(TARGET_NAME)";
				TARGETED_DEVICE_FAMILY = "1,2";
			};
			name = Debug;
		};
		2E69079820A2B2370090E78E /* Release */ = {
			isa = XCBuildConfiguration;
			buildSettings = {
				ASSETCATALOG_COMPILER_APPICON_NAME = AppIcon;
				CODE_SIGN_STYLE = Automatic;
				DEVELOPMENT_TEAM = NA82CDHQ9M;
				INFOPLIST_FILE = UNOBehaviorMonitor/Info.plist;
				IPHONEOS_DEPLOYMENT_TARGET = 8.0;
				LD_RUNPATH_SEARCH_PATHS = "$(inherited) @executable_path/Frameworks";
				PRODUCT_BUNDLE_IDENTIFIER = unovo.UNOBehaviorMonitor;
				PRODUCT_NAME = "$(TARGET_NAME)";
				TARGETED_DEVICE_FAMILY = "1,2";
			};
			name = Release;
		};
/* End XCBuildConfiguration section */

/* Begin XCConfigurationList section */
		2E69077B20A2B2360090E78E /* Build configuration list for PBXProject "UNOBehaviorMonitor" */ = {
			isa = XCConfigurationList;
			buildConfigurations = (
				2E69079420A2B2370090E78E /* Debug */,
				2E69079520A2B2370090E78E /* Release */,
			);
			defaultConfigurationIsVisible = 0;
			defaultConfigurationName = Release;
		};
		2E69079620A2B2370090E78E /* Build configuration list for PBXNativeTarget "UNOBehaviorMonitor" */ = {
			isa = XCConfigurationList;
			buildConfigurations = (
				2E69079720A2B2370090E78E /* Debug */,
				2E69079820A2B2370090E78E /* Release */,
			);
			defaultConfigurationIsVisible = 0;
			defaultConfigurationName = Release;
		};
/* End XCConfigurationList section */
	};
	rootObject = 2E69077820A2B2360090E78E /* Project object */;
}
